
Microsoft Visual Studio Solution File, Format Version 12.00
# Visual Studio 15
VisualStudioVersion = 15.0.27004.2010
MinimumVisualStudioVersion = 10.0.40219.1
Project("{FAE04EC0-301F-11D3-BF4B-00C04F79EFBC}") = "AirStreamPlayer", "AirStreamPlayer.csproj", "{3ED8049C-8218-49A9-96F1-E9881F146931}"
EndProject
Global
	GlobalSection(SolutionConfigurationPlatforms) = preSolution
		Debug|x86 = Debug|x86
		Release|x86 = Release|x86
	EndGlobalSection
	GlobalSection(ProjectConfigurationPlatforms) = postSolution
		{3ED8049C-8218-49A9-96F1-E9881F146931}.Debug|x86.ActiveCfg = Debug|x86
		{3ED8049C-8218-49A9-96F1-E9881F146931}.Debug|x86.Build.0 = Debug|x86
		{3ED8049C-8218-49A9-96F1-E9881F146931}.Release|x86.ActiveCfg = Release|x86
		{3ED8049C-8218-49A9-96F1-E9881F146931}.Release|x86.Build.0 = Release|x86
	EndGlobalSection
	GlobalSection(SolutionProperties) = preSolution
		HideSolutionNode = FALSE
	EndGlobalSection
	GlobalSection(ExtensibilityGlobals) = postSolution
		SolutionGuid = {F8074705-0F9B-478A-A3D5-7A5642008A4B}
	EndGlobalSection
EndGlobal
